
Microsoft Visual Studio Solution File, Format Version 12.00
# Visual Studio Version 17
VisualStudioVersion = 17.13.35931.197 d17.13
MinimumVisualStudioVersion = 10.0.40219.1
Project("{FAE04EC0-301F-11D3-BF4B-00C04F79EFBC}") = "BusinessObjects", "BusinessObjects\BusinessObjects.csproj", "{3A5FCF32-4349-4FB3-9EFD-81921FFFDBC2}"
EndProject
Project("{FAE04EC0-301F-11D3-BF4B-00C04F79EFBC}") = "DataAccessObjects", "DataAccessObjects\DataAccessObjects.csproj", "{62E36CF4-F38F-41A1-9F21-77CF1544FEBC}"
EndProject
Project("{FAE04EC0-301F-11D3-BF4B-00C04F79EFBC}") = "Repositories", "Repositories\Repositories.csproj", "{62EC6934-43D7-4232-8FC8-384F861713B8}"
EndProject
Project("{FAE04EC0-301F-11D3-BF4B-00C04F79EFBC}") = "Services", "Services\Services.csproj", "{033A5DFE-7AAD-4C4C-A2A0-C6AA20B2025E}"
EndProject
Global
	GlobalSection(SolutionConfigurationPlatforms) = preSolution
		Debug|Any CPU = Debug|Any CPU
		Release|Any CPU = Release|Any CPU
	EndGlobalSection
	GlobalSection(ProjectConfigurationPlatforms) = postSolution
		{3A5FCF32-4349-4FB3-9EFD-81921FFFDBC2}.Debug|Any CPU.ActiveCfg = Debug|Any CPU
		{3A5FCF32-4349-4FB3-9EFD-81921FFFDBC2}.Debug|Any CPU.Build.0 = Debug|Any CPU
		{3A5FCF32-4349-4FB3-9EFD-81921FFFDBC2}.Release|Any CPU.ActiveCfg = Release|Any CPU
		{3A5FCF32-4349-4FB3-9EFD-81921FFFDBC2}.Release|Any CPU.Build.0 = Release|Any CPU
		{62E36CF4-F38F-41A1-9F21-77CF1544FEBC}.Debug|Any CPU.ActiveCfg = Debug|Any CPU
		{62E36CF4-F38F-41A1-9F21-77CF1544FEBC}.Debug|Any CPU.Build.0 = Debug|Any CPU
		{62E36CF4-F38F-41A1-9F21-77CF1544FEBC}.Release|Any CPU.ActiveCfg = Release|Any CPU
		{62E36CF4-F38F-41A1-9F21-77CF1544FEBC}.Release|Any CPU.Build.0 = Release|Any CPU
		{62EC6934-43D7-4232-8FC8-384F861713B8}.Debug|Any CPU.ActiveCfg = Debug|Any CPU
		{62EC6934-43D7-4232-8FC8-384F861713B8}.Debug|Any CPU.Build.0 = Debug|Any CPU
		{62EC6934-43D7-4232-8FC8-384F861713B8}.Release|Any CPU.ActiveCfg = Release|Any CPU
		{62EC6934-43D7-4232-8FC8-384F861713B8}.Release|Any CPU.Build.0 = Release|Any CPU
		{033A5DFE-7AAD-4C4C-A2A0-C6AA20B2025E}.Debug|Any CPU.ActiveCfg = Debug|Any CPU
		{033A5DFE-7AAD-4C4C-A2A0-C6AA20B2025E}.Debug|Any CPU.Build.0 = Debug|Any CPU
		{033A5DFE-7AAD-4C4C-A2A0-C6AA20B2025E}.Release|Any CPU.ActiveCfg = Release|Any CPU
		{033A5DFE-7AAD-4C4C-A2A0-C6AA20B2025E}.Release|Any CPU.Build.0 = Release|Any CPU
	EndGlobalSection
	GlobalSection(SolutionProperties) = preSolution
		HideSolutionNode = FALSE
	EndGlobalSection
	GlobalSection(ExtensibilityGlobals) = postSolution
		SolutionGuid = {890FF5E8-46C1-492A-9D1C-4C3B6A0D5109}
	EndGlobalSection
EndGlobal
